# This file was autogenerated by Stack.
# You should not edit this file by hand.
# For more information, please see the documentation at:
#   https://docs.haskellstack.org/en/stable/lock_files

packages:
- completed:
    hackage: simple-cmd-0.2.7@sha256:5e1fc586b92d0a9b25869398a7d7e03cfc8799286b9d3653a535a5059a993f05,2957
    pantry-tree:
      sha256: d35103e86ddc188cced78e92580f85a301502aef8837d5056620e65b12b5df31
      size: 483
  original:
    hackage: simple-cmd-0.2.7
snapshots:
- completed:
    sha256: bfafe5735ccb74527d754b1f9999ded72d7c3a6c3a88529449661431ccfbd6cc
    size: 649327
    url: https://raw.githubusercontent.com/commercialhaskell/stackage-snapshots/master/lts/20/8.yaml
  original:
    url: https://raw.githubusercontent.com/commercialhaskell/stackage-snapshots/master/lts/20/8.yaml
